// !$*UTF8*$!
{
	archiveVersion = 1;
	classes = {
	};
	objectVersion = 50;
	objects = {

/* Begin PBXBuildFile section */
		0871FF1620ED387E0027DF91 /* AppDelegate.m in Sources */ = {isa = PBXBuildFile; fileRef = 0871FF1520ED387E0027DF91 /* AppDelegate.m */; };
		0871FF1920ED387E0027DF91 /* ViewController.m in Sources */ = {isa = PBXBuildFile; fileRef = 0871FF1820ED387E0027DF91 /* ViewController.m */; };
		0871FF1C20ED387E0027DF91 /* Main.storyboard in Resources */ = {isa = PBXBuildFile; fileRef = 0871FF1A20ED387E0027DF91 /* Main.storyboard */; };
		0871FF1F20ED387E0027DF91 /* ArchiverPersistence.xcdatamodeld in Sources */ = {isa = PBXBuildFile; fileRef = 0871FF1D20ED387E0027DF91 /* ArchiverPersistence.xcdatamodeld */; };
		0871FF2120ED387F0027DF91 /* Assets.xcassets in Resources */ = {isa = PBXBuildFile; fileRef = 0871FF2020ED387F0027DF91 /* Assets.xcassets */; };
		0871FF2420ED387F0027DF91 /* LaunchScreen.storyboard in Resources */ = {isa = PBXBuildFile; fileRef = 0871FF2220ED387F0027DF91 /* LaunchScreen.storyboard */; };
		0871FF2720ED387F0027DF91 /* main.m in Sources */ = {isa = PBXBuildFile; fileRef = 0871FF2620ED387F0027DF91 /* main.m */; };
/* End PBXBuildFile section */

/* Begin PBXFileReference section */
		0871FF1120ED387E0027DF91 /* ArchiverPersistence.app */ = {isa = PBXFileReference; explicitFileType = wrapper.application; includeInIndex = 0; path = ArchiverPersistence.app; sourceTree = BUILT_PRODUCTS_DIR; };
		0871FF1420ED387E0027DF91 /* AppDelegate.h */ = {isa = PBXFileReference; lastKnownFileType = sourcecode.c.h; path = AppDelegate.h; sourceTree = "<group>"; };
		0871FF1520ED387E0027DF91 /* AppDelegate.m */ = {isa = PBXFileReference; lastKnownFileType = sourcecode.c.objc; path = AppDelegate.m; sourceTree = "<group>"; };
		0871FF1720ED387E0027DF91 /* ViewController.h */ = {isa = PBXFileReference; lastKnownFileType = sourcecode.c.h; path = ViewController.h; sourceTree = "<group>"; };
		0871FF1820ED387E0027DF91 /* ViewController.m */ = {isa = PBXFileReference; lastKnownFileType = sourcecode.c.objc; path = ViewController.m; sourceTree = "<group>"; };
		0871FF1B20ED387E0027DF91 /* Base */ = {isa = PBXFileReference; lastKnownFileType = file.storyboard; name = Base; path = Base.lproj/Main.storyboard; sourceTree = "<group>"; };
		0871FF1E20ED387E0027DF91 /* ArchiverPersistence.xcdatamodel */ = {isa = PBXFileReference; lastKnownFileType = wrapper.xcdatamodel; path = ArchiverPersistence.xcdatamodel; sourceTree = "<group>"; };
		0871FF2020ED387F0027DF91 /* Assets.xcassets */ = {isa = PBXFileReference; lastKnownFileType = folder.assetcatalog; path = Assets.xcassets; sourceTree = "<group>"; };
		0871FF2320ED387F0027DF91 /* Base */ = {isa = PBXFileReference; lastKnownFileType = file.storyboard; name = Base; path = Base.lproj/LaunchScreen.storyboard; sourceTree = "<group>"; };
		0871FF2520ED387F0027DF91 /* Info.plist */ = {isa = PBXFileReference; lastKnownFileType = text.plist.xml; path = Info.plist; sourceTree = "<group>"; };
		0871FF2620ED387F0027DF91 /* main.m */ = {isa = PBXFileReference; lastKnownFileType = sourcecode.c.objc; path = main.m; sourceTree = "<group>"; };
/* End PBXFileReference section */

/* Begin PBXFrameworksBuildPhase section */
		0871FF0E20ED387E0027DF91 /* Frameworks */ = {
			isa = PBXFrameworksBuildPhase;
			buildActionMask = 2147483647;
			files = (
			);
			runOnlyForDeploymentPostprocessing = 0;
		};
/* End PBXFrameworksBuildPhase section */

/* Begin PBXGroup section */
		0871FF0820ED387E0027DF91 = {
			isa = PBXGroup;
			children = (
				0871FF1320ED387E0027DF91 /* ArchiverPersistence */,
				0871FF1220ED387E0027DF91 /* Products */,
			);
			sourceTree = "<group>";
		};
		0871FF1220ED387E0027DF91 /* Products */ = {
			isa = PBXGroup;
			children = (
				0871FF1120ED387E0027DF91 /* ArchiverPersistence.app */,
			);
			name = Products;
			sourceTree = "<group>";
		};
		0871FF1320ED387E0027DF91 /* ArchiverPersistence */ = {
			isa = PBXGroup;
			children = (
				0871FF1420ED387E0027DF91 /* AppDelegate.h */,
				0871FF1520ED387E0027DF91 /* AppDelegate.m */,
				0871FF1720ED387E0027DF91 /* ViewController.h */,
				0871FF1820ED387E0027DF91 /* ViewController.m */,
				0871FF1A20ED387E0027DF91 /* Main.storyboard */,
				0871FF2020ED387F0027DF91 /* Assets.xcassets */,
				0871FF2220ED387F0027DF91 /* LaunchScreen.storyboard */,
				0871FF2520ED387F0027DF91 /* Info.plist */,
				0871FF2620ED387F0027DF91 /* main.m */,
				0871FF1D20ED387E0027DF91 /* ArchiverPersistence.xcdatamodeld */,
			);
			path = ArchiverPersistence;
			sourceTree = "<group>";
		};
/* End PBXGroup section */

/* Begin PBXNativeTarget section */
		0871FF1020ED387E0027DF91 /* ArchiverPersistence */ = {
			isa = PBXNativeTarget;
			buildConfigurationList = 0871FF2A20ED387F0027DF91 /* Build configuration list for PBXNativeTarget "ArchiverPersistence" */;
			buildPhases = (
				0871FF0D20ED387E0027DF91 /* Sources */,
				0871FF0E20ED387E0027DF91 /* Frameworks */,
				0871FF0F20ED387E0027DF91 /* Resources */,
			);
			buildRules = (
			);
			dependencies = (
			);
			name = ArchiverPersistence;
			productName = ArchiverPersistence;
			productReference = 0871FF1120ED387E0027DF91 /* ArchiverPersistence.app */;
			productType = "com.apple.product-type.application";
		};
/* End PBXNativeTarget section */

/* Begin PBXProject section */
		0871FF0920ED387E0027DF91 /* Project object */ = {
			isa = PBXProject;
			attributes = {
				LastUpgradeCheck = 0940;
				ORGANIZATIONNAME = wcb1229028590;
				TargetAttributes = {
					0871FF1020ED387E0027DF91 = {
						CreatedOnToolsVersion = 9.4;
					};
				};
			};
			buildConfigurationList = 0871FF0C20ED387E0027DF91 /* Build configuration list for PBXProject "ArchiverPersistence" */;
			compatibilityVersion = "Xcode 9.3";
			developmentRegion = en;
			hasScannedForEncodings = 0;
			knownRegions = (
				en,
				Base,
			);
			mainGroup = 0871FF0820ED387E0027DF91;
			productRefGroup = 0871FF1220ED387E0027DF91 /* Products */;
			projectDirPath = "";
			projectRoot = "";
			targets = (
				0871FF1020ED387E0027DF91 /* ArchiverPersistence */,
			);
		};
/* End PBXProject section */

/* Begin PBXResourcesBuildPhase section */
		0871FF0F20ED387E0027DF91 /* Resources */ = {
			isa = PBXResourcesBuildPhase;
			buildActionMask = 2147483647;
			files = (
				0871FF2420ED387F0027DF91 /* LaunchScreen.storyboard in Resources */,
				0871FF2120ED387F0027DF91 /* Assets.xcassets in Resources */,
				0871FF1C20ED387E0027DF91 /* Main.storyboard in Resources */,
			);
			runOnlyForDeploymentPostprocessing = 0;
		};
/* End PBXResourcesBuildPhase section */

/* Begin PBXSourcesBuildPhase section */
		0871FF0D20ED387E0027DF91 /* Sources */ = {
			isa = PBXSourcesBuildPhase;
			buildActionMask = 2147483647;
			files = (
				0871FF1F20ED387E0027DF91 /* ArchiverPersistence.xcdatamodeld in Sources */,
				0871FF1920ED387E0027DF91 /* ViewController.m in Sources */,
				0871FF2720ED387F0027DF91 /* main.m in Sources */,
				0871FF1620ED387E0027DF91 /* AppDelegate.m in Sources */,
			);
			runOnlyForDeploymentPostprocessing = 0;
		};
/* End PBXSourcesBuildPhase section */

/* Begin PBXVariantGroup section */
		0871FF1A20ED387E0027DF91 /* Main.storyboard */ = {
			isa = PBXVariantGroup;
			children = (
				0871FF1B20ED387E0027DF91 /* Base */,
			);
			name = Main.storyboard;
			sourceTree = "<group>";
		};
		0871FF2220ED387F0027DF91 /* LaunchScreen.storyboard */ = {
			isa = PBXVariantGroup;
			children = (
				0871FF2320ED387F0027DF91 /* Base */,
			);
			name = LaunchScreen.storyboard;
			sourceTree = "<group>";
		};
/* End PBXVariantGroup section */

/* Begin XCBuildConfiguration section */
		0871FF2820ED387F0027DF91 /* Debug */ = {
			isa = XCBuildConfiguration;
			buildSettings = {
				ALWAYS_SEARCH_USER_PATHS = NO;
				CLANG_ANALYZER_NONNULL = YES;
				CLANG_ANALYZER_NUMBER_OBJECT_CONVERSION = YES_AGGRESSIVE;
				CLANG_CXX_LANGUAGE_STANDARD = "gnu++14";
				CLANG_CXX_LIBRARY = "libc++";
				CLANG_ENABLE_MODULES = YES;
				CLANG_ENABLE_OBJC_ARC = YES;
				CLANG_ENABLE_OBJC_WEAK = YES;
				CLANG_WARN_BLOCK_CAPTURE_AUTORELEASING = YES;
				CLANG_WARN_BOOL_CONVERSION = YES;
				CLANG_WARN_COMMA = YES;
				CLANG_WARN_CONSTANT_CONVERSION = YES;
				CLANG_WARN_DEPRECATED_OBJC_IMPLEMENTATIONS = YES;
				CLANG_WARN_DIRECT_OBJC_ISA_USAGE = YES_ERROR;
				CLANG_WARN_DOCUMENTATION_COMMENTS = YES;
				CLANG_WARN_EMPTY_BODY = YES;
				CLANG_WARN_ENUM_CONVERSION = YES;
				CLANG_WARN_INFINITE_RECURSION = YES;
				CLANG_WARN_INT_CONVERSION = YES;
				CLANG_WARN_NON_LITERAL_NULL_CONVERSION = YES;
				CLANG_WARN_OBJC_IMPLICIT_RETAIN_SELF = YES;
				CLANG_WARN_OBJC_LITERAL_CONVERSION = YES;
				CLANG_WARN_OBJC_ROOT_CLASS = YES_ERROR;
				CLANG_WARN_RANGE_LOOP_ANALYSIS = YES;
				CLANG_WARN_STRICT_PROTOTYPES = YES;
				CLANG_WARN_SUSPICIOUS_MOVE = YES;
				CLANG_WARN_UNGUARDED_AVAILABILITY = YES_AGGRESSIVE;
				CLANG_WARN_UNREACHABLE_CODE = YES;
				CLANG_WARN__DUPLICATE_METHOD_MATCH = YES;
				CODE_SIGN_IDENTITY = "iPhone Developer";
				COPY_PHASE_STRIP = NO;
				DEBUG_INFORMATION_FORMAT = dwarf;
				ENABLE_STRICT_OBJC_MSGSEND = YES;
				ENABLE_TESTABILITY = YES;
				GCC_C_LANGUAGE_STANDARD = gnu11;
				GCC_DYNAMIC_NO_PIC = NO;
				GCC_NO_COMMON_BLOCKS = YES;
				GCC_OPTIMIZATION_LEVEL = 0;
				GCC_PREPROCESSOR_DEFINITIONS = (
					"DEBUG=1",
					"$(inherited)",
				);
				GCC_WARN_64_TO_32_BIT_CONVERSION = YES;
				GCC_WARN_ABOUT_RETURN_TYPE = YES_ERROR;
				GCC_WARN_UNDECLARED_SELECTOR = YES;
				GCC_WARN_UNINITIALIZED_AUTOS = YES_AGGRESSIVE;
				GCC_WARN_UNUSED_FUNCTION = YES;
				GCC_WARN_UNUSED_VARIABLE = YES;
				IPHONEOS_DEPLOYMENT_TARGET = 11.4;
				MTL_ENABLE_DEBUG_INFO = YES;
				ONLY_ACTIVE_ARCH = YES;
				SDKROOT = iphoneos;
			};
			name = Debug;
		};
		0871FF2920ED387F0027DF91 /* Release */ = {
			isa = XCBuildConfiguration;
			buildSettings = {
				ALWAYS_SEARCH_USER_PATHS = NO;
				CLANG_ANALYZER_NONNULL = YES;
				CLANG_ANALYZER_NUMBER_OBJECT_CONVERSION = YES_AGGRESSIVE;
				CLANG_CXX_LANGUAGE_STANDARD = "gnu++14";
				CLANG_CXX_LIBRARY = "libc++";
				CLANG_ENABLE_MODULES = YES;
				CLANG_ENABLE_OBJC_ARC = YES;
				CLANG_ENABLE_OBJC_WEAK = YES;
				CLANG_WARN_BLOCK_CAPTURE_AUTORELEASING = YES;
				CLANG_WARN_BOOL_CONVERSION = YES;
				CLANG_WARN_COMMA = YES;
				CLANG_WARN_CONSTANT_CONVERSION = YES;
				CLANG_WARN_DEPRECATED_OBJC_IMPLEMENTATIONS = YES;
				CLANG_WARN_DIRECT_OBJC_ISA_USAGE = YES_ERROR;
				CLANG_WARN_DOCUMENTATION_COMMENTS = YES;
				CLANG_WARN_EMPTY_BODY = YES;
				CLANG_WARN_ENUM_CONVERSION = YES;
				CLANG_WARN_INFINITE_RECURSION = YES;
				CLANG_WARN_INT_CONVERSION = YES;
				CLANG_WARN_NON_LITERAL_NULL_CONVERSION = YES;
				CLANG_WARN_OBJC_IMPLICIT_RETAIN_SELF = YES;
				CLANG_WARN_OBJC_LITERAL_CONVERSION = YES;
				CLANG_WARN_OBJC_ROOT_CLASS = YES_ERROR;
				CLANG_WARN_RANGE_LOOP_ANALYSIS = YES;
				CLANG_WARN_STRICT_PROTOTYPES = YES;
				CLANG_WARN_SUSPICIOUS_MOVE = YES;
				CLANG_WARN_UNGUARDED_AVAILABILITY = YES_AGGRESSIVE;
				CLANG_WARN_UNREACHABLE_CODE = YES;
				CLANG_WARN__DUPLICATE_METHOD_MATCH = YES;
				CODE_SIGN_IDENTITY = "iPhone Developer";
				COPY_PHASE_STRIP = NO;
				DEBUG_INFORMATION_FORMAT = "dwarf-with-dsym";
				ENABLE_NS_ASSERTIONS = NO;
				ENABLE_STRICT_OBJC_MSGSEND = YES;
				GCC_C_LANGUAGE_STANDARD = gnu11;
				GCC_NO_COMMON_BLOCKS = YES;
				GCC_WARN_64_TO_32_BIT_CONVERSION = YES;
				GCC_WARN_ABOUT_RETURN_TYPE = YES_ERROR;
				GCC_WARN_UNDECLARED_SELECTOR = YES;
				GCC_WARN_UNINITIALIZED_AUTOS = YES_AGGRESSIVE;
				GCC_WARN_UNUSED_FUNCTION = YES;
				GCC_WARN_UNUSED_VARIABLE = YES;
				IPHONEOS_DEPLOYMENT_TARGET = 11.4;
				MTL_ENABLE_DEBUG_INFO = NO;
				SDKROOT = iphoneos;
				VALIDATE_PRODUCT = YES;
			};
			name = Release;
		};
		0871FF2B20ED387F0027DF91 /* Debug */ = {
			isa = XCBuildConfiguration;
			buildSettings = {
				ASSETCATALOG_COMPILER_APPICON_NAME = AppIcon;
				CODE_SIGN_STYLE = Automatic;
				DEVELOPMENT_TEAM = 79BL345N2X;
				INFOPLIST_FILE = ArchiverPersistence/Info.plist;
				LD_RUNPATH_SEARCH_PATHS = (
					"$(inherited)",
					"@executable_path/Frameworks",
				);
				PRODUCT_BUNDLE_IDENTIFIER = bibi.ArchiverPersistence;
				PRODUCT_NAME = "$(TARGET_NAME)";
				TARGETED_DEVICE_FAMILY = "1,2";
			};
			name = Debug;
		};
		0871FF2C20ED387F0027DF91 /* Release */ = {
			isa = XCBuildConfiguration;
			buildSettings = {
				ASSETCATALOG_COMPILER_APPICON_NAME = AppIcon;
				CODE_SIGN_STYLE = Automatic;
				DEVELOPMENT_TEAM = 79BL345N2X;
				INFOPLIST_FILE = ArchiverPersistence/Info.plist;
				LD_RUNPATH_SEARCH_PATHS = (
					"$(inherited)",
					"@executable_path/Frameworks",
				);
				PRODUCT_BUNDLE_IDENTIFIER = bibi.ArchiverPersistence;
				PRODUCT_NAME = "$(TARGET_NAME)";
				TARGETED_DEVICE_FAMILY = "1,2";
			};
			name = Release;
		};
/* End XCBuildConfiguration section */

/* Begin XCConfigurationList section */
		0871FF0C20ED387E0027DF91 /* Build configuration list for PBXProject "ArchiverPersistence" */ = {
			isa = XCConfigurationList;
			buildConfigurations = (
				0871FF2820ED387F0027DF91 /* Debug */,
				0871FF2920ED387F0027DF91 /* Release */,
			);
			defaultConfigurationIsVisible = 0;
			defaultConfigurationName = Release;
		};
		0871FF2A20ED387F0027DF91 /* Build configuration list for PBXNativeTarget "ArchiverPersistence" */ = {
			isa = XCConfigurationList;
			buildConfigurations = (
				0871FF2B20ED387F0027DF91 /* Debug */,
				0871FF2C20ED387F0027DF91 /* Release */,
			);
			defaultConfigurationIsVisible = 0;
			defaultConfigurationName = Release;
		};
/* End XCConfigurationList section */

/* Begin XCVersionGroup section */
		0871FF1D20ED387E0027DF91 /* ArchiverPersistence.xcdatamodeld */ = {
			isa = XCVersionGroup;
			children = (
				0871FF1E20ED387E0027DF91 /* ArchiverPersistence.xcdatamodel */,
			);
			currentVersion = 0871FF1E20ED387E0027DF91 /* ArchiverPersistence.xcdatamodel */;
			path = ArchiverPersistence.xcdatamodeld;
			sourceTree = "<group>";
			versionGroupType = wrapper.xcdatamodel;
		};
/* End XCVersionGroup section */
	};
	rootObject = 0871FF0920ED387E0027DF91 /* Project object */;
}
